
Microsoft Visual Studio Solution File, Format Version 12.00
# Visual Studio 14
VisualStudioVersion = 14.0.25420.1
MinimumVisualStudioVersion = 10.0.40219.1
Project("{FAE04EC0-301F-11D3-BF4B-00C04F79EFBC}") = "J3Copy", "J3Copy\J3Copy.csproj", "{58E24119-1567-4B0E-A588-1C6C39DB4165}"
EndProject
Global
	GlobalSection(SolutionConfigurationPlatforms) = preSolution
		Debug|Any CPU = Debug|Any CPU
		Debug|x64 = Debug|x64
		Debug|x86 = Debug|x86
		Release x64|Any CPU = Release x64|Any CPU
		Release x64|x64 = Release x64|x64
		Release x64|x86 = Release x64|x86
		Release|Any CPU = Release|Any CPU
		Release|x64 = Release|x64
		Release|x86 = Release|x86
	EndGlobalSection
	GlobalSection(ProjectConfigurationPlatforms) = postSolution
		{58E24119-1567-4B0E-A588-1C6C39DB4165}.Debug|Any CPU.ActiveCfg = Debug|Any CPU
		{58E24119-1567-4B0E-A588-1C6C39DB4165}.Debug|Any CPU.Build.0 = Debug|Any CPU
		{58E24119-1567-4B0E-A588-1C6C39DB4165}.Debug|x64.ActiveCfg = Debug|x64
		{58E24119-1567-4B0E-A588-1C6C39DB4165}.Debug|x64.Build.0 = Debug|x64
		{58E24119-1567-4B0E-A588-1C6C39DB4165}.Debug|x86.ActiveCfg = Debug|x86
		{58E24119-1567-4B0E-A588-1C6C39DB4165}.Debug|x86.Build.0 = Debug|x86
		{58E24119-1567-4B0E-A588-1C6C39DB4165}.Release x64|Any CPU.ActiveCfg = Release x64|Any CPU
		{58E24119-1567-4B0E-A588-1C6C39DB4165}.Release x64|Any CPU.Build.0 = Release x64|Any CPU
		{58E24119-1567-4B0E-A588-1C6C39DB4165}.Release x64|x64.ActiveCfg = Release x64|x64
		{58E24119-1567-4B0E-A588-1C6C39DB4165}.Release x64|x64.Build.0 = Release x64|x64
		{58E24119-1567-4B0E-A588-1C6C39DB4165}.Release x64|x86.ActiveCfg = Release x64|x64
		{58E24119-1567-4B0E-A588-1C6C39DB4165}.Release x64|x86.Build.0 = Release x64|x64
		{58E24119-1567-4B0E-A588-1C6C39DB4165}.Release|Any CPU.ActiveCfg = Release|Any CPU
		{58E24119-1567-4B0E-A588-1C6C39DB4165}.Release|Any CPU.Build.0 = Release|Any CPU
		{58E24119-1567-4B0E-A588-1C6C39DB4165}.Release|x64.ActiveCfg = Release|x64
		{58E24119-1567-4B0E-A588-1C6C39DB4165}.Release|x64.Build.0 = Release|x64
		{58E24119-1567-4B0E-A588-1C6C39DB4165}.Release|x86.ActiveCfg = Release|x86
		{58E24119-1567-4B0E-A588-1C6C39DB4165}.Release|x86.Build.0 = Release|x86
	EndGlobalSection
	GlobalSection(SolutionProperties) = preSolution
		HideSolutionNode = FALSE
	EndGlobalSection
EndGlobal
